// !$*UTF8*$!
{
	archiveVersion = 1;
	classes = {
	};
	objectVersion = 50;
	objects = {

/* Begin PBXBuildFile section */
		9380F0EF224BE0D10089A947 /* AppDelegate.swift in Sources */ = {isa = PBXBuildFile; fileRef = 9380F0EE224BE0D10089A947 /* AppDelegate.swift */; };
		9380F0F1224BE0D10089A947 /* ViewController.swift in Sources */ = {isa = PBXBuildFile; fileRef = 9380F0F0224BE0D10089A947 /* ViewController.swift */; };
		9380F0F4224BE0D10089A947 /* Main.storyboard in Resources */ = {isa = PBXBuildFile; fileRef = 9380F0F2224BE0D10089A947 /* Main.storyboard */; };
		9380F0F6224BE0D60089A947 /* Assets.xcassets in Resources */ = {isa = PBXBuildFile; fileRef = 9380F0F5224BE0D60089A947 /* Assets.xcassets */; };
		9380F0F9224BE0D60089A947 /* LaunchScreen.storyboard in Resources */ = {isa = PBXBuildFile; fileRef = 9380F0F7224BE0D60089A947 /* LaunchScreen.storyboard */; };
		9380F101224BE1300089A947 /* AppError.swift in Sources */ = {isa = PBXBuildFile; fileRef = 9380F100224BE12F0089A947 /* AppError.swift */; };
		9380F103224BE1770089A947 /* Date+Extension.swift in Sources */ = {isa = PBXBuildFile; fileRef = 9380F102224BE1770089A947 /* Date+Extension.swift */; };
		9380F105224BE1A30089A947 /* Downsampleimage.swift in Sources */ = {isa = PBXBuildFile; fileRef = 9380F104224BE1A30089A947 /* Downsampleimage.swift */; };
		9380F107224BE1BB0089A947 /* FileManager.swift in Sources */ = {isa = PBXBuildFile; fileRef = 9380F106224BE1BB0089A947 /* FileManager.swift */; };
		9380F109224BE1DB0089A947 /* IBDesignable.swift in Sources */ = {isa = PBXBuildFile; fileRef = 9380F108224BE1DB0089A947 /* IBDesignable.swift */; };
		9380F10B224BE20B0089A947 /* ImageCache.swift in Sources */ = {isa = PBXBuildFile; fileRef = 9380F10A224BE20B0089A947 /* ImageCache.swift */; };
		9380F10D224BE24E0089A947 /* ItemsDataManager.swift in Sources */ = {isa = PBXBuildFile; fileRef = 9380F10C224BE24E0089A947 /* ItemsDataManager.swift */; };
		9380F10F224BE28C0089A947 /* NetworkHelper.swift in Sources */ = {isa = PBXBuildFile; fileRef = 9380F10E224BE28C0089A947 /* NetworkHelper.swift */; };
		9380F111224BE2AD0089A947 /* String+Extensions.swift in Sources */ = {isa = PBXBuildFile; fileRef = 9380F110224BE2AD0089A947 /* String+Extensions.swift */; };
		9380F113224BE3010089A947 /* UIViewController+Extensions.swift in Sources */ = {isa = PBXBuildFile; fileRef = 9380F112224BE3010089A947 /* UIViewController+Extensions.swift */; };
		9380F118224BEEA30089A947 /* CountryModel.swift in Sources */ = {isa = PBXBuildFile; fileRef = 9380F117224BEEA30089A947 /* CountryModel.swift */; };
		9380F11A224BF9160089A947 /* NewsModel.swift in Sources */ = {isa = PBXBuildFile; fileRef = 9380F119224BF9160089A947 /* NewsModel.swift */; };
		9380F11C224C08660089A947 /* APIClient.swift in Sources */ = {isa = PBXBuildFile; fileRef = 9380F11B224C08660089A947 /* APIClient.swift */; };
		9380F11E224C2B850089A947 /* CategoriesViewController.swift in Sources */ = {isa = PBXBuildFile; fileRef = 9380F11D224C2B850089A947 /* CategoriesViewController.swift */; };
		9380F120224C2B9E0089A947 /* FavoritesViewController.swift in Sources */ = {isa = PBXBuildFile; fileRef = 9380F11F224C2B9E0089A947 /* FavoritesViewController.swift */; };
		9380F122224C2BB10089A947 /* CountryCategoryViewController.swift in Sources */ = {isa = PBXBuildFile; fileRef = 9380F121224C2BB10089A947 /* CountryCategoryViewController.swift */; };
		9380F124224C2BEF0089A947 /* DetailCategoriesViewController.swift in Sources */ = {isa = PBXBuildFile; fileRef = 9380F123224C2BEF0089A947 /* DetailCategoriesViewController.swift */; };
		9380F126224C2C3A0089A947 /* CategoryCell.swift in Sources */ = {isa = PBXBuildFile; fileRef = 9380F125224C2C3A0089A947 /* CategoryCell.swift */; };
		9380F128224C2C550089A947 /* FavoriteCell.swift in Sources */ = {isa = PBXBuildFile; fileRef = 9380F127224C2C550089A947 /* FavoriteCell.swift */; };
		9380F12A224C2C660089A947 /* NewsFeedCell.swift in Sources */ = {isa = PBXBuildFile; fileRef = 9380F129224C2C660089A947 /* NewsFeedCell.swift */; };
		9380F12C224C2C9D0089A947 /* CategoriesNewsFeedCell.swift in Sources */ = {isa = PBXBuildFile; fileRef = 9380F12B224C2C9D0089A947 /* CategoriesNewsFeedCell.swift */; };
		9380F12E224C53F40089A947 /* ImageHelperService.swift in Sources */ = {isa = PBXBuildFile; fileRef = 9380F12D224C53F40089A947 /* ImageHelperService.swift */; };
		9380F130224D0E7A0089A947 /* FavoritesModel.swift in Sources */ = {isa = PBXBuildFile; fileRef = 9380F12F224D0E7A0089A947 /* FavoritesModel.swift */; };
/* End PBXBuildFile section */

/* Begin PBXFileReference section */
		9380F0EB224BE0D10089A947 /* NewsHack.app */ = {isa = PBXFileReference; explicitFileType = wrapper.application; includeInIndex = 0; path = NewsHack.app; sourceTree = BUILT_PRODUCTS_DIR; };
		9380F0EE224BE0D10089A947 /* AppDelegate.swift */ = {isa = PBXFileReference; lastKnownFileType = sourcecode.swift; path = AppDelegate.swift; sourceTree = "<group>"; };
		9380F0F0224BE0D10089A947 /* ViewController.swift */ = {isa = PBXFileReference; lastKnownFileType = sourcecode.swift; path = ViewController.swift; sourceTree = "<group>"; };
		9380F0F3224BE0D10089A947 /* Base */ = {isa = PBXFileReference; lastKnownFileType = file.storyboard; name = Base; path = Base.lproj/Main.storyboard; sourceTree = "<group>"; };
		9380F0F5224BE0D60089A947 /* Assets.xcassets */ = {isa = PBXFileReference; lastKnownFileType = folder.assetcatalog; path = Assets.xcassets; sourceTree = "<group>"; };
		9380F0F8224BE0D60089A947 /* Base */ = {isa = PBXFileReference; lastKnownFileType = file.storyboard; name = Base; path = Base.lproj/LaunchScreen.storyboard; sourceTree = "<group>"; };
		9380F0FA224BE0D60089A947 /* Info.plist */ = {isa = PBXFileReference; lastKnownFileType = text.plist.xml; path = Info.plist; sourceTree = "<group>"; };
		9380F100224BE12F0089A947 /* AppError.swift */ = {isa = PBXFileReference; lastKnownFileType = sourcecode.swift; path = AppError.swift; sourceTree = "<group>"; };
		9380F102224BE1770089A947 /* Date+Extension.swift */ = {isa = PBXFileReference; lastKnownFileType = sourcecode.swift; path = "Date+Extension.swift"; sourceTree = "<group>"; };
		9380F104224BE1A30089A947 /* Downsampleimage.swift */ = {isa = PBXFileReference; lastKnownFileType = sourcecode.swift; path = Downsampleimage.swift; sourceTree = "<group>"; };
		9380F106224BE1BB0089A947 /* FileManager.swift */ = {isa = PBXFileReference; lastKnownFileType = sourcecode.swift; path = FileManager.swift; sourceTree = "<group>"; };
		9380F108224BE1DB0089A947 /* IBDesignable.swift */ = {isa = PBXFileReference; lastKnownFileType = sourcecode.swift; path = IBDesignable.swift; sourceTree = "<group>"; };
		9380F10A224BE20B0089A947 /* ImageCache.swift */ = {isa = PBXFileReference; lastKnownFileType = sourcecode.swift; path = ImageCache.swift; sourceTree = "<group>"; };
		9380F10C224BE24E0089A947 /* ItemsDataManager.swift */ = {isa = PBXFileReference; lastKnownFileType = sourcecode.swift; path = ItemsDataManager.swift; sourceTree = "<group>"; };
		9380F10E224BE28C0089A947 /* NetworkHelper.swift */ = {isa = PBXFileReference; lastKnownFileType = sourcecode.swift; path = NetworkHelper.swift; sourceTree = "<group>"; };
		9380F110224BE2AD0089A947 /* String+Extensions.swift */ = {isa = PBXFileReference; lastKnownFileType = sourcecode.swift; path = "String+Extensions.swift"; sourceTree = "<group>"; };
		9380F112224BE3010089A947 /* UIViewController+Extensions.swift */ = {isa = PBXFileReference; lastKnownFileType = sourcecode.swift; path = "UIViewController+Extensions.swift"; sourceTree = "<group>"; };
		9380F117224BEEA30089A947 /* CountryModel.swift */ = {isa = PBXFileReference; lastKnownFileType = sourcecode.swift; path = CountryModel.swift; sourceTree = "<group>"; };
		9380F119224BF9160089A947 /* NewsModel.swift */ = {isa = PBXFileReference; lastKnownFileType = sourcecode.swift; path = NewsModel.swift; sourceTree = "<group>"; };
		9380F11B224C08660089A947 /* APIClient.swift */ = {isa = PBXFileReference; lastKnownFileType = sourcecode.swift; path = APIClient.swift; sourceTree = "<group>"; };
		9380F11D224C2B850089A947 /* CategoriesViewController.swift */ = {isa = PBXFileReference; lastKnownFileType = sourcecode.swift; path = CategoriesViewController.swift; sourceTree = "<group>"; };
		9380F11F224C2B9E0089A947 /* FavoritesViewController.swift */ = {isa = PBXFileReference; lastKnownFileType = sourcecode.swift; path = FavoritesViewController.swift; sourceTree = "<group>"; };
		9380F121224C2BB10089A947 /* CountryCategoryViewController.swift */ = {isa = PBXFileReference; lastKnownFileType = sourcecode.swift; path = CountryCategoryViewController.swift; sourceTree = "<group>"; };
		9380F123224C2BEF0089A947 /* DetailCategoriesViewController.swift */ = {isa = PBXFileReference; lastKnownFileType = sourcecode.swift; path = DetailCategoriesViewController.swift; sourceTree = "<group>"; };
		9380F125224C2C3A0089A947 /* CategoryCell.swift */ = {isa = PBXFileReference; lastKnownFileType = sourcecode.swift; path = CategoryCell.swift; sourceTree = "<group>"; };
		9380F127224C2C550089A947 /* FavoriteCell.swift */ = {isa = PBXFileReference; lastKnownFileType = sourcecode.swift; path = FavoriteCell.swift; sourceTree = "<group>"; };
		9380F129224C2C660089A947 /* NewsFeedCell.swift */ = {isa = PBXFileReference; lastKnownFileType = sourcecode.swift; path = NewsFeedCell.swift; sourceTree = "<group>"; };
		9380F12B224C2C9D0089A947 /* CategoriesNewsFeedCell.swift */ = {isa = PBXFileReference; lastKnownFileType = sourcecode.swift; path = CategoriesNewsFeedCell.swift; sourceTree = "<group>"; };
		9380F12D224C53F40089A947 /* ImageHelperService.swift */ = {isa = PBXFileReference; lastKnownFileType = sourcecode.swift; path = ImageHelperService.swift; sourceTree = "<group>"; };
		9380F12F224D0E7A0089A947 /* FavoritesModel.swift */ = {isa = PBXFileReference; lastKnownFileType = sourcecode.swift; path = FavoritesModel.swift; sourceTree = "<group>"; };
/* End PBXFileReference section */

/* Begin PBXFrameworksBuildPhase section */
		9380F0E8224BE0D10089A947 /* Frameworks */ = {
			isa = PBXFrameworksBuildPhase;
			buildActionMask = 2147483647;
			files = (
			);
			runOnlyForDeploymentPostprocessing = 0;
		};
/* End PBXFrameworksBuildPhase section */

/* Begin PBXGroup section */
		9380F0E2224BE0D10089A947 = {
			isa = PBXGroup;
			children = (
				9380F0ED224BE0D10089A947 /* NewsHack */,
				9380F0EC224BE0D10089A947 /* Products */,
			);
			sourceTree = "<group>";
		};
		9380F0EC224BE0D10089A947 /* Products */ = {
			isa = PBXGroup;
			children = (
				9380F0EB224BE0D10089A947 /* NewsHack.app */,
			);
			name = Products;
			sourceTree = "<group>";
		};
		9380F0ED224BE0D10089A947 /* NewsHack */ = {
			isa = PBXGroup;
			children = (
				9380F0EE224BE0D10089A947 /* AppDelegate.swift */,
				9380F117224BEEA30089A947 /* CountryModel.swift */,
				9380F119224BF9160089A947 /* NewsModel.swift */,
				9380F11B224C08660089A947 /* APIClient.swift */,
				9380F12D224C53F40089A947 /* ImageHelperService.swift */,
				9380F12F224D0E7A0089A947 /* FavoritesModel.swift */,
				9380F116224BEE5E0089A947 /* Controllers */,
				9380F115224BEE2A0089A947 /* Network Services */,
				9380F114224BEDFB0089A947 /* Extensions */,
				9380F0F2224BE0D10089A947 /* Main.storyboard */,
				9380F0F5224BE0D60089A947 /* Assets.xcassets */,
				9380F0F7224BE0D60089A947 /* LaunchScreen.storyboard */,
				9380F0FA224BE0D60089A947 /* Info.plist */,
			);
			path = NewsHack;
			sourceTree = "<group>";
		};
		9380F114224BEDFB0089A947 /* Extensions */ = {
			isa = PBXGroup;
			children = (
				9380F104224BE1A30089A947 /* Downsampleimage.swift */,
				9380F108224BE1DB0089A947 /* IBDesignable.swift */,
				9380F102224BE1770089A947 /* Date+Extension.swift */,
				9380F110224BE2AD0089A947 /* String+Extensions.swift */,
				9380F112224BE3010089A947 /* UIViewController+Extensions.swift */,
			);
			path = Extensions;
			sourceTree = "<group>";
		};
		9380F115224BEE2A0089A947 /* Network Services */ = {
			isa = PBXGroup;
			children = (
				9380F100224BE12F0089A947 /* AppError.swift */,
				9380F106224BE1BB0089A947 /* FileManager.swift */,
				9380F10A224BE20B0089A947 /* ImageCache.swift */,
				9380F10C224BE24E0089A947 /* ItemsDataManager.swift */,
				9380F10E224BE28C0089A947 /* NetworkHelper.swift */,
			);
			path = "Network Services";
			sourceTree = "<group>";
		};
		9380F116224BEE5E0089A947 /* Controllers */ = {
			isa = PBXGroup;
			children = (
				9380F0F0224BE0D10089A947 /* ViewController.swift */,
				9380F11D224C2B850089A947 /* CategoriesViewController.swift */,
				9380F11F224C2B9E0089A947 /* FavoritesViewController.swift */,
				9380F121224C2BB10089A947 /* CountryCategoryViewController.swift */,
				9380F123224C2BEF0089A947 /* DetailCategoriesViewController.swift */,
				9380F125224C2C3A0089A947 /* CategoryCell.swift */,
				9380F127224C2C550089A947 /* FavoriteCell.swift */,
				9380F129224C2C660089A947 /* NewsFeedCell.swift */,
				9380F12B224C2C9D0089A947 /* CategoriesNewsFeedCell.swift */,
			);
			path = Controllers;
			sourceTree = "<group>";
		};
/* End PBXGroup section */

/* Begin PBXNativeTarget section */
		9380F0EA224BE0D10089A947 /* NewsHack */ = {
			isa = PBXNativeTarget;
			buildConfigurationList = 9380F0FD224BE0D60089A947 /* Build configuration list for PBXNativeTarget "NewsHack" */;
			buildPhases = (
				9380F0E7224BE0D10089A947 /* Sources */,
				9380F0E8224BE0D10089A947 /* Frameworks */,
				9380F0E9224BE0D10089A947 /* Resources */,
			);
			buildRules = (
			);
			dependencies = (
			);
			name = NewsHack;
			productName = NewsHack;
			productReference = 9380F0EB224BE0D10089A947 /* NewsHack.app */;
			productType = "com.apple.product-type.application";
		};
/* End PBXNativeTarget section */

/* Begin PBXProject section */
		9380F0E3224BE0D10089A947 /* Project object */ = {
			isa = PBXProject;
			attributes = {
				LastSwiftUpdateCheck = 1010;
				LastUpgradeCheck = 1010;
				ORGANIZATIONNAME = Pursuit;
				TargetAttributes = {
					9380F0EA224BE0D10089A947 = {
						CreatedOnToolsVersion = 10.1;
					};
				};
			};
			buildConfigurationList = 9380F0E6224BE0D10089A947 /* Build configuration list for PBXProject "NewsHack" */;
			compatibilityVersion = "Xcode 9.3";
			developmentRegion = en;
			hasScannedForEncodings = 0;
			knownRegions = (
				en,
				Base,
			);
			mainGroup = 9380F0E2224BE0D10089A947;
			productRefGroup = 9380F0EC224BE0D10089A947 /* Products */;
			projectDirPath = "";
			projectRoot = "";
			targets = (
				9380F0EA224BE0D10089A947 /* NewsHack */,
			);
		};
/* End PBXProject section */

/* Begin PBXResourcesBuildPhase section */
		9380F0E9224BE0D10089A947 /* Resources */ = {
			isa = PBXResourcesBuildPhase;
			buildActionMask = 2147483647;
			files = (
				9380F0F9224BE0D60089A947 /* LaunchScreen.storyboard in Resources */,
				9380F0F6224BE0D60089A947 /* Assets.xcassets in Resources */,
				9380F0F4224BE0D10089A947 /* Main.storyboard in Resources */,
			);
			runOnlyForDeploymentPostprocessing = 0;
		};
/* End PBXResourcesBuildPhase section */

/* Begin PBXSourcesBuildPhase section */
		9380F0E7224BE0D10089A947 /* Sources */ = {
			isa = PBXSourcesBuildPhase;
			buildActionMask = 2147483647;
			files = (
				9380F11A224BF9160089A947 /* NewsModel.swift in Sources */,
				9380F105224BE1A30089A947 /* Downsampleimage.swift in Sources */,
				9380F111224BE2AD0089A947 /* String+Extensions.swift in Sources */,
				9380F130224D0E7A0089A947 /* FavoritesModel.swift in Sources */,
				9380F118224BEEA30089A947 /* CountryModel.swift in Sources */,
				9380F0F1224BE0D10089A947 /* ViewController.swift in Sources */,
				9380F10F224BE28C0089A947 /* NetworkHelper.swift in Sources */,
				9380F113224BE3010089A947 /* UIViewController+Extensions.swift in Sources */,
				9380F10B224BE20B0089A947 /* ImageCache.swift in Sources */,
				9380F120224C2B9E0089A947 /* FavoritesViewController.swift in Sources */,
				9380F128224C2C550089A947 /* FavoriteCell.swift in Sources */,
				9380F11C224C08660089A947 /* APIClient.swift in Sources */,
				9380F103224BE1770089A947 /* Date+Extension.swift in Sources */,
				9380F107224BE1BB0089A947 /* FileManager.swift in Sources */,
				9380F0EF224BE0D10089A947 /* AppDelegate.swift in Sources */,
				9380F10D224BE24E0089A947 /* ItemsDataManager.swift in Sources */,
				9380F12E224C53F40089A947 /* ImageHelperService.swift in Sources */,
				9380F109224BE1DB0089A947 /* IBDesignable.swift in Sources */,
				9380F11E224C2B850089A947 /* CategoriesViewController.swift in Sources */,
				9380F101224BE1300089A947 /* AppError.swift in Sources */,
				9380F124224C2BEF0089A947 /* DetailCategoriesViewController.swift in Sources */,
				9380F122224C2BB10089A947 /* CountryCategoryViewController.swift in Sources */,
				9380F12A224C2C660089A947 /* NewsFeedCell.swift in Sources */,
				9380F12C224C2C9D0089A947 /* CategoriesNewsFeedCell.swift in Sources */,
				9380F126224C2C3A0089A947 /* CategoryCell.swift in Sources */,
			);
			runOnlyForDeploymentPostprocessing = 0;
		};
/* End PBXSourcesBuildPhase section */

/* Begin PBXVariantGroup section */
		9380F0F2224BE0D10089A947 /* Main.storyboard */ = {
			isa = PBXVariantGroup;
			children = (
				9380F0F3224BE0D10089A947 /* Base */,
			);
			name = Main.storyboard;
			sourceTree = "<group>";
		};
		9380F0F7224BE0D60089A947 /* LaunchScreen.storyboard */ = {
			isa = PBXVariantGroup;
			children = (
				9380F0F8224BE0D60089A947 /* Base */,
			);
			name = LaunchScreen.storyboard;
			sourceTree = "<group>";
		};
/* End PBXVariantGroup section */

/* Begin XCBuildConfiguration section */
		9380F0FB224BE0D60089A947 /* Debug */ = {
			isa = XCBuildConfiguration;
			buildSettings = {
				ALWAYS_SEARCH_USER_PATHS = NO;
				CLANG_ANALYZER_NONNULL = YES;
				CLANG_ANALYZER_NUMBER_OBJECT_CONVERSION = YES_AGGRESSIVE;
				CLANG_CXX_LANGUAGE_STANDARD = "gnu++14";
				CLANG_CXX_LIBRARY = "libc++";
				CLANG_ENABLE_MODULES = YES;
				CLANG_ENABLE_OBJC_ARC = YES;
				CLANG_ENABLE_OBJC_WEAK = YES;
				CLANG_WARN_BLOCK_CAPTURE_AUTORELEASING = YES;
				CLANG_WARN_BOOL_CONVERSION = YES;
				CLANG_WARN_COMMA = YES;
				CLANG_WARN_CONSTANT_CONVERSION = YES;
				CLANG_WARN_DEPRECATED_OBJC_IMPLEMENTATIONS = YES;
				CLANG_WARN_DIRECT_OBJC_ISA_USAGE = YES_ERROR;
				CLANG_WARN_DOCUMENTATION_COMMENTS = YES;
				CLANG_WARN_EMPTY_BODY = YES;
				CLANG_WARN_ENUM_CONVERSION = YES;
				CLANG_WARN_INFINITE_RECURSION = YES;
				CLANG_WARN_INT_CONVERSION = YES;
				CLANG_WARN_NON_LITERAL_NULL_CONVERSION = YES;
				CLANG_WARN_OBJC_IMPLICIT_RETAIN_SELF = YES;
				CLANG_WARN_OBJC_LITERAL_CONVERSION = YES;
				CLANG_WARN_OBJC_ROOT_CLASS = YES_ERROR;
				CLANG_WARN_RANGE_LOOP_ANALYSIS = YES;
				CLANG_WARN_STRICT_PROTOTYPES = YES;
				CLANG_WARN_SUSPICIOUS_MOVE = YES;
				CLANG_WARN_UNGUARDED_AVAILABILITY = YES_AGGRESSIVE;
				CLANG_WARN_UNREACHABLE_CODE = YES;
				CLANG_WARN__DUPLICATE_METHOD_MATCH = YES;
				CODE_SIGN_IDENTITY = "iPhone Developer";
				COPY_PHASE_STRIP = NO;
				DEBUG_INFORMATION_FORMAT = dwarf;
				ENABLE_STRICT_OBJC_MSGSEND = YES;
				ENABLE_TESTABILITY = YES;
				GCC_C_LANGUAGE_STANDARD = gnu11;
				GCC_DYNAMIC_NO_PIC = NO;
				GCC_NO_COMMON_BLOCKS = YES;
				GCC_OPTIMIZATION_LEVEL = 0;
				GCC_PREPROCESSOR_DEFINITIONS = (
					"DEBUG=1",
					"$(inherited)",
				);
				GCC_WARN_64_TO_32_BIT_CONVERSION = YES;
				GCC_WARN_ABOUT_RETURN_TYPE = YES_ERROR;
				GCC_WARN_UNDECLARED_SELECTOR = YES;
				GCC_WARN_UNINITIALIZED_AUTOS = YES_AGGRESSIVE;
				GCC_WARN_UNUSED_FUNCTION = YES;
				GCC_WARN_UNUSED_VARIABLE = YES;
				IPHONEOS_DEPLOYMENT_TARGET = 12.1;
				MTL_ENABLE_DEBUG_INFO = INCLUDE_SOURCE;
				MTL_FAST_MATH = YES;
				ONLY_ACTIVE_ARCH = YES;
				SDKROOT = iphoneos;
				SWIFT_ACTIVE_COMPILATION_CONDITIONS = DEBUG;
				SWIFT_OPTIMIZATION_LEVEL = "-Onone";
			};
			name = Debug;
		};
		9380F0FC224BE0D60089A947 /* Release */ = {
			isa = XCBuildConfiguration;
			buildSettings = {
				ALWAYS_SEARCH_USER_PATHS = NO;
				CLANG_ANALYZER_NONNULL = YES;
				CLANG_ANALYZER_NUMBER_OBJECT_CONVERSION = YES_AGGRESSIVE;
				CLANG_CXX_LANGUAGE_STANDARD = "gnu++14";
				CLANG_CXX_LIBRARY = "libc++";
				CLANG_ENABLE_MODULES = YES;
				CLANG_ENABLE_OBJC_ARC = YES;
				CLANG_ENABLE_OBJC_WEAK = YES;
				CLANG_WARN_BLOCK_CAPTURE_AUTORELEASING = YES;
				CLANG_WARN_BOOL_CONVERSION = YES;
				CLANG_WARN_COMMA = YES;
				CLANG_WARN_CONSTANT_CONVERSION = YES;
				CLANG_WARN_DEPRECATED_OBJC_IMPLEMENTATIONS = YES;
				CLANG_WARN_DIRECT_OBJC_ISA_USAGE = YES_ERROR;
				CLANG_WARN_DOCUMENTATION_COMMENTS = YES;
				CLANG_WARN_EMPTY_BODY = YES;
				CLANG_WARN_ENUM_CONVERSION = YES;
				CLANG_WARN_INFINITE_RECURSION = YES;
				CLANG_WARN_INT_CONVERSION = YES;
				CLANG_WARN_NON_LITERAL_NULL_CONVERSION = YES;
				CLANG_WARN_OBJC_IMPLICIT_RETAIN_SELF = YES;
				CLANG_WARN_OBJC_LITERAL_CONVERSION = YES;
				CLANG_WARN_OBJC_ROOT_CLASS = YES_ERROR;
				CLANG_WARN_RANGE_LOOP_ANALYSIS = YES;
				CLANG_WARN_STRICT_PROTOTYPES = YES;
				CLANG_WARN_SUSPICIOUS_MOVE = YES;
				CLANG_WARN_UNGUARDED_AVAILABILITY = YES_AGGRESSIVE;
				CLANG_WARN_UNREACHABLE_CODE = YES;
				CLANG_WARN__DUPLICATE_METHOD_MATCH = YES;
				CODE_SIGN_IDENTITY = "iPhone Developer";
				COPY_PHASE_STRIP = NO;
				DEBUG_INFORMATION_FORMAT = "dwarf-with-dsym";
				ENABLE_NS_ASSERTIONS = NO;
				ENABLE_STRICT_OBJC_MSGSEND = YES;
				GCC_C_LANGUAGE_STANDARD = gnu11;
				GCC_NO_COMMON_BLOCKS = YES;
				GCC_WARN_64_TO_32_BIT_CONVERSION = YES;
				GCC_WARN_ABOUT_RETURN_TYPE = YES_ERROR;
				GCC_WARN_UNDECLARED_SELECTOR = YES;
				GCC_WARN_UNINITIALIZED_AUTOS = YES_AGGRESSIVE;
				GCC_WARN_UNUSED_FUNCTION = YES;
				GCC_WARN_UNUSED_VARIABLE = YES;
				IPHONEOS_DEPLOYMENT_TARGET = 12.1;
				MTL_ENABLE_DEBUG_INFO = NO;
				MTL_FAST_MATH = YES;
				SDKROOT = iphoneos;
				SWIFT_COMPILATION_MODE = wholemodule;
				SWIFT_OPTIMIZATION_LEVEL = "-O";
				VALIDATE_PRODUCT = YES;
			};
			name = Release;
		};
		9380F0FE224BE0D60089A947 /* Debug */ = {
			isa = XCBuildConfiguration;
			buildSettings = {
				ASSETCATALOG_COMPILER_APPICON_NAME = AppIcon;
				CODE_SIGN_STYLE = Automatic;
				DEVELOPMENT_TEAM = 9528M3AFGV;
				INFOPLIST_FILE = NewsHack/Info.plist;
				LD_RUNPATH_SEARCH_PATHS = (
					"$(inherited)",
					"@executable_path/Frameworks",
				);
				PRODUCT_BUNDLE_IDENTIFIER = org.pursuit.NewsHack;
				PRODUCT_NAME = "$(TARGET_NAME)";
				SWIFT_VERSION = 4.2;
				TARGETED_DEVICE_FAMILY = "1,2";
			};
			name = Debug;
		};
		9380F0FF224BE0D60089A947 /* Release */ = {
			isa = XCBuildConfiguration;
			buildSettings = {
				ASSETCATALOG_COMPILER_APPICON_NAME = AppIcon;
				CODE_SIGN_STYLE = Automatic;
				DEVELOPMENT_TEAM = 9528M3AFGV;
				INFOPLIST_FILE = NewsHack/Info.plist;
				LD_RUNPATH_SEARCH_PATHS = (
					"$(inherited)",
					"@executable_path/Frameworks",
				);
				PRODUCT_BUNDLE_IDENTIFIER = org.pursuit.NewsHack;
				PRODUCT_NAME = "$(TARGET_NAME)";
				SWIFT_VERSION = 4.2;
				TARGETED_DEVICE_FAMILY = "1,2";
			};
			name = Release;
		};
/* End XCBuildConfiguration section */

/* Begin XCConfigurationList section */
		9380F0E6224BE0D10089A947 /* Build configuration list for PBXProject "NewsHack" */ = {
			isa = XCConfigurationList;
			buildConfigurations = (
				9380F0FB224BE0D60089A947 /* Debug */,
				9380F0FC224BE0D60089A947 /* Release */,
			);
			defaultConfigurationIsVisible = 0;
			defaultConfigurationName = Release;
		};
		9380F0FD224BE0D60089A947 /* Build configuration list for PBXNativeTarget "NewsHack" */ = {
			isa = XCConfigurationList;
			buildConfigurations = (
				9380F0FE224BE0D60089A947 /* Debug */,
				9380F0FF224BE0D60089A947 /* Release */,
			);
			defaultConfigurationIsVisible = 0;
			defaultConfigurationName = Release;
		};
/* End XCConfigurationList section */
	};
	rootObject = 9380F0E3224BE0D10089A947 /* Project object */;
}
